
Microsoft Visual Studio Solution File, Format Version 12.00
# Visual Studio 2013
VisualStudioVersion = 12.0.31101.0
MinimumVisualStudioVersion = 10.0.40219.1
Project("{FAE04EC0-301F-11D3-BF4B-00C04F79EFBC}") = "WebMVCContacts", "WebMVCContacts\WebMVCContacts.csproj", "{885E18AD-B4E6-4CA5-B5A6-6D9C41D92BF3}"
EndProject
Project("{FAE04EC0-301F-11D3-BF4B-00C04F79EFBC}") = "WcfContactService", "WcfContactService\WcfContactService.csproj", "{710198A1-6EB9-448F-8CFB-4C0FD4FCE78D}"
EndProject
Global
	GlobalSection(SolutionConfigurationPlatforms) = preSolution
		Debug|Any CPU = Debug|Any CPU
		Release|Any CPU = Release|Any CPU
	EndGlobalSection
	GlobalSection(ProjectConfigurationPlatforms) = postSolution
		{885E18AD-B4E6-4CA5-B5A6-6D9C41D92BF3}.Debug|Any CPU.ActiveCfg = Debug|Any CPU
		{885E18AD-B4E6-4CA5-B5A6-6D9C41D92BF3}.Debug|Any CPU.Build.0 = Debug|Any CPU
		{885E18AD-B4E6-4CA5-B5A6-6D9C41D92BF3}.Release|Any CPU.ActiveCfg = Release|Any CPU
		{885E18AD-B4E6-4CA5-B5A6-6D9C41D92BF3}.Release|Any CPU.Build.0 = Release|Any CPU
		{710198A1-6EB9-448F-8CFB-4C0FD4FCE78D}.Debug|Any CPU.ActiveCfg = Debug|Any CPU
		{710198A1-6EB9-448F-8CFB-4C0FD4FCE78D}.Debug|Any CPU.Build.0 = Debug|Any CPU
		{710198A1-6EB9-448F-8CFB-4C0FD4FCE78D}.Release|Any CPU.ActiveCfg = Release|Any CPU
		{710198A1-6EB9-448F-8CFB-4C0FD4FCE78D}.Release|Any CPU.Build.0 = Release|Any CPU
	EndGlobalSection
	GlobalSection(SolutionProperties) = preSolution
		HideSolutionNode = FALSE
	EndGlobalSection
EndGlobal
